
Microsoft Visual Studio Solution File, Format Version 12.00
# Visual Studio Version 17
VisualStudioVersion = 17.14.36705.20
MinimumVisualStudioVersion = 10.0.40219.1
Project("{FAE04EC0-301F-11D3-BF4B-00C04F79EFBC}") = "SimpleFlashCards", "SimpleFlashCards.csproj", "{ED8E1C6E-8B88-4546-854A-3B926E74CCE0}"
EndProject
Project("{FAE04EC0-301F-11D3-BF4B-00C04F79EFBC}") = "SimpleFlashCards.Tests", "SimpleFlashCards.Tests\SimpleFlashCards.Tests.csproj", "{38FBE77D-0EE7-4D0E-AF51-85C6B72C1616}"
EndProject
Global
	GlobalSection(SolutionConfigurationPlatforms) = preSolution
		Debug|Any CPU = Debug|Any CPU
		Debug|x64 = Debug|x64
		Debug|x86 = Debug|x86
		Release|Any CPU = Release|Any CPU
		Release|x64 = Release|x64
		Release|x86 = Release|x86
	EndGlobalSection
	GlobalSection(ProjectConfigurationPlatforms) = postSolution
		{ED8E1C6E-8B88-4546-854A-3B926E74CCE0}.Debug|Any CPU.ActiveCfg = Debug|Any CPU
		{ED8E1C6E-8B88-4546-854A-3B926E74CCE0}.Debug|Any CPU.Build.0 = Debug|Any CPU
		{ED8E1C6E-8B88-4546-854A-3B926E74CCE0}.Debug|x64.ActiveCfg = Debug|Any CPU
		{ED8E1C6E-8B88-4546-854A-3B926E74CCE0}.Debug|x64.Build.0 = Debug|Any CPU
		{ED8E1C6E-8B88-4546-854A-3B926E74CCE0}.Debug|x86.ActiveCfg = Debug|Any CPU
		{ED8E1C6E-8B88-4546-854A-3B926E74CCE0}.Debug|x86.Build.0 = Debug|Any CPU
		{ED8E1C6E-8B88-4546-854A-3B926E74CCE0}.Release|Any CPU.ActiveCfg = Release|Any CPU
		{ED8E1C6E-8B88-4546-854A-3B926E74CCE0}.Release|Any CPU.Build.0 = Release|Any CPU
		{ED8E1C6E-8B88-4546-854A-3B926E74CCE0}.Release|x64.ActiveCfg = Release|Any CPU
		{ED8E1C6E-8B88-4546-854A-3B926E74CCE0}.Release|x64.Build.0 = Release|Any CPU
		{ED8E1C6E-8B88-4546-854A-3B926E74CCE0}.Release|x86.ActiveCfg = Release|Any CPU
		{ED8E1C6E-8B88-4546-854A-3B926E74CCE0}.Release|x86.Build.0 = Release|Any CPU
		{38FBE77D-0EE7-4D0E-AF51-85C6B72C1616}.Debug|Any CPU.ActiveCfg = Debug|Any CPU
		{38FBE77D-0EE7-4D0E-AF51-85C6B72C1616}.Debug|Any CPU.Build.0 = Debug|Any CPU
		{38FBE77D-0EE7-4D0E-AF51-85C6B72C1616}.Debug|x64.ActiveCfg = Debug|Any CPU
		{38FBE77D-0EE7-4D0E-AF51-85C6B72C1616}.Debug|x64.Build.0 = Debug|Any CPU
		{38FBE77D-0EE7-4D0E-AF51-85C6B72C1616}.Debug|x86.ActiveCfg = Debug|Any CPU
		{38FBE77D-0EE7-4D0E-AF51-85C6B72C1616}.Debug|x86.Build.0 = Debug|Any CPU
		{38FBE77D-0EE7-4D0E-AF51-85C6B72C1616}.Release|Any CPU.ActiveCfg = Release|Any CPU
		{38FBE77D-0EE7-4D0E-AF51-85C6B72C1616}.Release|Any CPU.Build.0 = Release|Any CPU
		{38FBE77D-0EE7-4D0E-AF51-85C6B72C1616}.Release|x64.ActiveCfg = Release|Any CPU
		{38FBE77D-0EE7-4D0E-AF51-85C6B72C1616}.Release|x64.Build.0 = Release|Any CPU
		{38FBE77D-0EE7-4D0E-AF51-85C6B72C1616}.Release|x86.ActiveCfg = Release|Any CPU
		{38FBE77D-0EE7-4D0E-AF51-85C6B72C1616}.Release|x86.Build.0 = Release|Any CPU
	EndGlobalSection
	GlobalSection(SolutionProperties) = preSolution
		HideSolutionNode = FALSE
	EndGlobalSection
	GlobalSection(ExtensibilityGlobals) = postSolution
		SolutionGuid = {EC59A5E0-7C9D-423C-A6D5-97B9507CB96C}
	EndGlobalSection
EndGlobal
